
Microsoft Visual Studio Solution File, Format Version 12.00
# Visual Studio Version 16
VisualStudioVersion = 16.0.31911.196
MinimumVisualStudioVersion = 10.0.40219.1
Project("{FAE04EC0-301F-11D3-BF4B-00C04F79EFBC}") = "Excersize 3a Lexicon", "Excersize 3a Lexicon\Excersize 3a Lexicon.csproj", "{89F93879-33D4-40B1-98D0-313293CEE67E}"
EndProject
Global
	GlobalSection(SolutionConfigurationPlatforms) = preSolution
		Debug|Any CPU = Debug|Any CPU
		Release|Any CPU = Release|Any CPU
	EndGlobalSection
	GlobalSection(ProjectConfigurationPlatforms) = postSolution
		{89F93879-33D4-40B1-98D0-313293CEE67E}.Debug|Any CPU.ActiveCfg = Debug|Any CPU
		{89F93879-33D4-40B1-98D0-313293CEE67E}.Debug|Any CPU.Build.0 = Debug|Any CPU
		{89F93879-33D4-40B1-98D0-313293CEE67E}.Release|Any CPU.ActiveCfg = Release|Any CPU
		{89F93879-33D4-40B1-98D0-313293CEE67E}.Release|Any CPU.Build.0 = Release|Any CPU
	EndGlobalSection
	GlobalSection(SolutionProperties) = preSolution
		HideSolutionNode = FALSE
	EndGlobalSection
	GlobalSection(ExtensibilityGlobals) = postSolution
		SolutionGuid = {3E94C276-8BF7-4A8A-8E47-658BF733FFF6}
	EndGlobalSection
EndGlobal
